{
  "name": "jmfm",
  "version": "0.1.0",
  "lockfileVersion": 1,
  "requires": true,
  "dependencies": {
    "@babel/parser": {
      "version": "7.15.7",
      "resolved": "https://registry.nlark.com/@babel/parser/download/@babel/parser-7.15.7.tgz?cache=0&sync_timestamp=1631920857646&other_urls=https%3A%2F%2Fregistry.nlark.com%2F%40babel%2Fparser%2Fdownload%2F%40babel%2Fparser-7.15.7.tgz",
      "integrity": "sha1-DD7UousHsWXfqFs8xFxyczTE7a4="
    },
    "@vitejs/plugin-vue": {
      "version": "1.9.2",
      "resolved": "https://registry.npmmirror.com/@vitejs/plugin-vue/download/@vitejs/plugin-vue-1.9.2.tgz",
      "integrity": "sha1-cjTvuMPD1gx+rDUKk1B0qxggrg4=",
      "dev": true
    },
    "@vue/compiler-core": {
      "version": "3.2.18",
      "resolved": "https://registry.npmmirror.com/@vue/compiler-core/download/@vue/compiler-core-3.2.18.tgz",
      "integrity": "sha1-I5+O0uipXof2piNaR5jY0p5bTdg=",
      "requires": {
        "@babel/parser": "^7.15.0",
        "@vue/shared": "3.2.18",
        "estree-walker": "^2.0.2",
        "source-map": "^0.6.1"
      }
    },
    "@vue/compiler-dom": {
      "version": "3.2.18",
      "resolved": "https://registry.npmmirror.com/@vue/compiler-dom/download/@vue/compiler-dom-3.2.18.tgz",
      "integrity": "sha1-a7Ow4xin6xbALrQv76lqWHZsZzA=",
      "requires": {
        "@vue/compiler-core": "3.2.18",
        "@vue/shared": "3.2.18"
      }
    },
    "@vue/compiler-sfc": {
      "version": "3.2.18",
      "resolved": "https://registry.npmmirror.com/@vue/compiler-sfc/download/@vue/compiler-sfc-3.2.18.tgz",
      "integrity": "sha1-0t/NCdK7Wh3+cNaGrFE5Rzsl1e8=",
      "requires": {
        "@babel/parser": "^7.15.0",
        "@vue/compiler-core": "3.2.18",
        "@vue/compiler-dom": "3.2.18",
        "@vue/compiler-ssr": "3.2.18",
        "@vue/ref-transform": "3.2.18",
        "@vue/shared": "3.2.18",
        "estree-walker": "^2.0.2",
        "magic-string": "^0.25.7",
        "postcss": "^8.1.10",
        "source-map": "^0.6.1"
      }
    },
    "@vue/compiler-ssr": {
      "version": "3.2.18",
      "resolved": "https://registry.npmmirror.com/@vue/compiler-ssr/download/@vue/compiler-ssr-3.2.18.tgz",
      "integrity": "sha1-0oAaxedHLQswefVTpKuY3vlue+k=",
      "requires": {
        "@vue/compiler-dom": "3.2.18",
        "@vue/shared": "3.2.18"
      }
    },
    "@vue/devtools-api": {
      "version": "6.0.0-beta.19",
      "resolved": "https://registry.npmmirror.com/@vue/devtools-api/download/@vue/devtools-api-6.0.0-beta.19.tgz",
      "integrity": "sha1-+OiAWdqkJFFZkkJqDH6lzeB+mb8="
    },
    "@vue/reactivity": {
      "version": "3.2.18",
      "resolved": "https://registry.npmmirror.com/@vue/reactivity/download/@vue/reactivity-3.2.18.tgz",
      "integrity": "sha1-RtUHconRxX9ivc38alZuNx4/IM0=",
      "requires": {
        "@vue/shared": "3.2.18"
      }
    },
    "@vue/ref-transform": {
      "version": "3.2.18",
      "resolved": "https://registry.npmmirror.com/@vue/ref-transform/download/@vue/ref-transform-3.2.18.tgz",
      "integrity": "sha1-JwvlUC3ZXTEuyXD1GCOdDoVUi8k=",
      "requires": {
        "@babel/parser": "^7.15.0",
        "@vue/compiler-core": "3.2.18",
        "@vue/shared": "3.2.18",
        "estree-walker": "^2.0.2",
        "magic-string": "^0.25.7"
      }
    },
    "@vue/runtime-core": {
      "version": "3.2.18",
      "resolved": "https://registry.npmmirror.com/@vue/runtime-core/download/@vue/runtime-core-3.2.18.tgz",
      "integrity": "sha1-9N5bBSQwDusKCxfyDMvRKHqjOhY=",
      "requires": {
        "@vue/reactivity": "3.2.18",
        "@vue/shared": "3.2.18"
      }
    },
    "@vue/runtime-dom": {
      "version": "3.2.18",
      "resolved": "https://registry.npmmirror.com/@vue/runtime-dom/download/@vue/runtime-dom-3.2.18.tgz",
      "integrity": "sha1-JdI69DwQSrbEm2Xvm8Xim+V4jC0=",
      "requires": {
        "@vue/runtime-core": "3.2.18",
        "@vue/shared": "3.2.18",
        "csstype": "^2.6.8"
      }
    },
    "@vue/server-renderer": {
      "version": "3.2.18",
      "resolved": "https://registry.npmmirror.com/@vue/server-renderer/download/@vue/server-renderer-3.2.18.tgz",
      "integrity": "sha1-Zv+Vjqxxnn3uQwwiaF0QCEdJFFM=",
      "requires": {
        "@vue/compiler-ssr": "3.2.18",
        "@vue/shared": "3.2.18"
      }
    },
    "@vue/shared": {
      "version": "3.2.18",
      "resolved": "https://registry.npmmirror.com/@vue/shared/download/@vue/shared-3.2.18.tgz",
      "integrity": "sha1-9gE1bhTkVUKOXbgoHJZrpMG8NAM="
    },
    "@vueuse/core": {
      "version": "6.4.1",
      "resolved": "https://registry.nlark.com/@vueuse/core/download/@vueuse/core-6.4.1.tgz",
      "integrity": "sha1-IUFpl6I7+0kkpQgu1vqVkCf4DQQ=",
      "requires": {
        "@vueuse/shared": "6.4.1",
        "vue-demi": "*"
      }
    },
    "@vueuse/shared": {
      "version": "6.4.1",
      "resolved": "https://registry.nlark.com/@vueuse/shared/download/@vueuse/shared-6.4.1.tgz",
      "integrity": "sha1-W8hL4QfOrYThHCHSxXsenyw3aXU=",
      "requires": {
        "vue-demi": "*"
      }
    },
    "anymatch": {
      "version": "3.1.2",
      "resolved": "https://registry.nlark.com/anymatch/download/anymatch-3.1.2.tgz",
      "integrity": "sha1-wFV8CWrzLxBhmPT04qODU343hxY=",
      "dev": true,
      "requires": {
        "normalize-path": "^3.0.0",
        "picomatch": "^2.0.4"
      }
    },
    "binary-extensions": {
      "version": "2.2.0",
      "resolved": "https://registry.npm.taobao.org/binary-extensions/download/binary-extensions-2.2.0.tgz?cache=0&sync_timestamp=1610299308660&other_urls=https%3A%2F%2Fregistry.npm.taobao.org%2Fbinary-extensions%2Fdownload%2Fbinary-extensions-2.2.0.tgz",
      "integrity": "sha1-dfUC7q+f/eQvyYgpZFvk6na9ni0=",
      "dev": true
    },
    "bootstrap-icons": {
      "version": "1.6.1",
      "resolved": "https://registry.npmmirror.com/bootstrap-icons/download/bootstrap-icons-1.6.1.tgz",
      "integrity": "sha1-Zsh77/NIQO+l8kizCRyC2TSIZOg="
    },
    "braces": {
      "version": "3.0.2",
      "resolved": "https://registry.npm.taobao.org/braces/download/braces-3.0.2.tgz",
      "integrity": "sha1-NFThpGLujVmeI23zNs2epPiv4Qc=",
      "dev": true,
      "requires": {
        "fill-range": "^7.0.1"
      }
    },
    "chokidar": {
      "version": "3.5.2",
      "resolved": "https://registry.nlark.com/chokidar/download/chokidar-3.5.2.tgz?cache=0&sync_timestamp=1623763535523&other_urls=https%3A%2F%2Fregistry.nlark.com%2Fchokidar%2Fdownload%2Fchokidar-3.5.2.tgz",
      "integrity": "sha1-26OXb8rbAW9m/TZQIdkWANAcHnU=",
      "dev": true,
      "requires": {
        "anymatch": "~3.1.2",
        "braces": "~3.0.2",
        "fsevents": "~2.3.2",
        "glob-parent": "~5.1.2",
        "is-binary-path": "~2.1.0",
        "is-glob": "~4.0.1",
        "normalize-path": "~3.0.0",
        "readdirp": "~3.6.0"
      }
    },
    "csstype": {
      "version": "2.6.18",
      "resolved": "https://registry.nlark.com/csstype/download/csstype-2.6.18.tgz?cache=0&sync_timestamp=1631540709509&other_urls=https%3A%2F%2Fregistry.nlark.com%2Fcsstype%2Fdownload%2Fcsstype-2.6.18.tgz",
      "integrity": "sha1-mAqLUwhfNK8xNBCvBk8r0kF4Qhg="
    },
    "esbuild": {
      "version": "0.12.29",
      "resolved": "https://registry.npmmirror.com/esbuild/download/esbuild-0.12.29.tgz?cache=0&sync_timestamp=1632404026854&other_urls=https%3A%2F%2Fregistry.npmmirror.com%2Fesbuild%2Fdownload%2Fesbuild-0.12.29.tgz",
      "integrity": "sha1-vmAtt8TceJRKnb3g0eoZ02wfiC0=",
      "dev": true
    },
    "estree-walker": {
      "version": "2.0.2",
      "resolved": "https://registry.npm.taobao.org/estree-walker/download/estree-walker-2.0.2.tgz?cache=0&sync_timestamp=1611956983677&other_urls=https%3A%2F%2Fregistry.npm.taobao.org%2Festree-walker%2Fdownload%2Festree-walker-2.0.2.tgz",
      "integrity": "sha1-UvAQF4wqTBF6d1fP6UKtt9LaTKw="
    },
    "fill-range": {
      "version": "7.0.1",
      "resolved": "https://registry.npm.taobao.org/fill-range/download/fill-range-7.0.1.tgz",
      "integrity": "sha1-GRmmp8df44ssfHflGYU12prN2kA=",
      "dev": true,
      "requires": {
        "to-regex-range": "^5.0.1"
      }
    },
    "fsevents": {
      "version": "2.3.2",
      "resolved": "https://registry.npm.taobao.org/fsevents/download/fsevents-2.3.2.tgz",
      "integrity": "sha1-ilJveLj99GI7cJ4Ll1xSwkwC/Ro=",
      "dev": true,
      "optional": true
    },
    "function-bind": {
      "version": "1.1.1",
      "resolved": "https://registry.npm.taobao.org/function-bind/download/function-bind-1.1.1.tgz",
      "integrity": "sha1-pWiZ0+o8m6uHS7l3O3xe3pL0iV0=",
      "dev": true
    },
    "glob-parent": {
      "version": "5.1.2",
      "resolved": "https://registry.nlark.com/glob-parent/download/glob-parent-5.1.2.tgz?cache=0&sync_timestamp=1626760165717&other_urls=https%3A%2F%2Fregistry.nlark.com%2Fglob-parent%2Fdownload%2Fglob-parent-5.1.2.tgz",
      "integrity": "sha1-hpgyxYA0/mikCTwX3BXoNA2EAcQ=",
      "dev": true,
      "requires": {
        "is-glob": "^4.0.1"
      }
    },
    "has": {
      "version": "1.0.3",
      "resolved": "https://registry.npm.taobao.org/has/download/has-1.0.3.tgz",
      "integrity": "sha1-ci18v8H2qoJB8W3YFOAR4fQeh5Y=",
      "dev": true,
      "requires": {
        "function-bind": "^1.1.1"
      }
    },
    "is-binary-path": {
      "version": "2.1.0",
      "resolved": "https://registry.npm.taobao.org/is-binary-path/download/is-binary-path-2.1.0.tgz",
      "integrity": "sha1-6h9/O4DwZCNug0cPhsCcJU+0Wwk=",
      "dev": true,
      "requires": {
        "binary-extensions": "^2.0.0"
      }
    },
    "is-core-module": {
      "version": "2.6.0",
      "resolved": "https://registry.nlark.com/is-core-module/download/is-core-module-2.6.0.tgz?cache=0&sync_timestamp=1629224656971&other_urls=https%3A%2F%2Fregistry.nlark.com%2Fis-core-module%2Fdownload%2Fis-core-module-2.6.0.tgz",
      "integrity": "sha1-11U7JSb+Wbkro+QMjfdX7Ipwnhk=",
      "dev": true,
      "requires": {
        "has": "^1.0.3"
      }
    },
    "is-extglob": {
      "version": "2.1.1",
      "resolved": "https://registry.npm.taobao.org/is-extglob/download/is-extglob-2.1.1.tgz",
      "integrity": "sha1-qIwCU1eR8C7TfHahueqXc8gz+MI=",
      "dev": true
    },
    "is-glob": {
      "version": "4.0.1",
      "resolved": "https://registry.npm.taobao.org/is-glob/download/is-glob-4.0.1.tgz",
      "integrity": "sha1-dWfb6fL14kZ7x3q4PEopSCQHpdw=",
      "dev": true,
      "requires": {
        "is-extglob": "^2.1.1"
      }
    },
    "is-number": {
      "version": "7.0.0",
      "resolved": "https://registry.npm.taobao.org/is-number/download/is-number-7.0.0.tgz",
      "integrity": "sha1-dTU0W4lnNNX4DE0GxQlVUnoU8Ss=",
      "dev": true
    },
    "magic-string": {
      "version": "0.25.7",
      "resolved": "https://registry.npm.taobao.org/magic-string/download/magic-string-0.25.7.tgz",
      "integrity": "sha1-P0l9b9NMZpxnmNy4IfLvMfVEUFE=",
      "requires": {
        "sourcemap-codec": "^1.4.4"
      }
    },
    "nanocolors": {
      "version": "0.1.12",
      "resolved": "https://registry.npmmirror.com/nanocolors/download/nanocolors-0.1.12.tgz",
      "integrity": "sha1-hXdILFjL17W7FoHbTPSPEah/1fY="
    },
    "nanoid": {
      "version": "3.1.25",
      "resolved": "https://registry.nlark.com/nanoid/download/nanoid-3.1.25.tgz?cache=0&sync_timestamp=1628771905854&other_urls=https%3A%2F%2Fregistry.nlark.com%2Fnanoid%2Fdownload%2Fnanoid-3.1.25.tgz",
      "integrity": "sha1-CcoydHwOVD8OGBS303k0d/nI4VI="
    },
    "normalize-path": {
      "version": "3.0.0",
      "resolved": "https://registry.npm.taobao.org/normalize-path/download/normalize-path-3.0.0.tgz",
      "integrity": "sha1-Dc1p/yOhybEf0JeDFmRKA4ghamU=",
      "dev": true
    },
    "normalize.css": {
      "version": "8.0.1",
      "resolved": "https://registry.npm.taobao.org/normalize.css/download/normalize.css-8.0.1.tgz",
      "integrity": "sha1-m5iiCHOLnMJjTKrLxC0THJdIe/M="
    },
    "path-parse": {
      "version": "1.0.7",
      "resolved": "https://registry.nlark.com/path-parse/download/path-parse-1.0.7.tgz",
      "integrity": "sha1-+8EUtgykKzDZ2vWFjkvWi77bZzU=",
      "dev": true
    },
    "picomatch": {
      "version": "2.3.0",
      "resolved": "https://registry.nlark.com/picomatch/download/picomatch-2.3.0.tgz?cache=0&sync_timestamp=1621648246651&other_urls=https%3A%2F%2Fregistry.nlark.com%2Fpicomatch%2Fdownload%2Fpicomatch-2.3.0.tgz",
      "integrity": "sha1-8fBh3o9qS/AiiS4tEoI0+5gwKXI=",
      "dev": true
    },
    "postcss": {
      "version": "8.3.7",
      "resolved": "https://registry.nlark.com/postcss/download/postcss-8.3.7.tgz?cache=0&sync_timestamp=1632290182939&other_urls=https%3A%2F%2Fregistry.nlark.com%2Fpostcss%2Fdownload%2Fpostcss-8.3.7.tgz",
      "integrity": "sha1-7IhWNYjI2o5Y5yJvdjO1GuIh7to=",
      "requires": {
        "nanocolors": "^0.1.5",
        "nanoid": "^3.1.25",
        "source-map-js": "^0.6.2"
      }
    },
    "readdirp": {
      "version": "3.6.0",
      "resolved": "https://registry.npm.taobao.org/readdirp/download/readdirp-3.6.0.tgz?cache=0&sync_timestamp=1615717369278&other_urls=https%3A%2F%2Fregistry.npm.taobao.org%2Freaddirp%2Fdownload%2Freaddirp-3.6.0.tgz",
      "integrity": "sha1-dKNwvYVxFuJFspzJc0DNQxoCpsc=",
      "dev": true,
      "requires": {
        "picomatch": "^2.2.1"
      }
    },
    "resolve": {
      "version": "1.20.0",
      "resolved": "https://registry.npm.taobao.org/resolve/download/resolve-1.20.0.tgz?cache=0&sync_timestamp=1613054822645&other_urls=https%3A%2F%2Fregistry.npm.taobao.org%2Fresolve%2Fdownload%2Fresolve-1.20.0.tgz",
      "integrity": "sha1-YpoBP7P3B1XW8LeTXMHCxTeLGXU=",
      "dev": true,
      "requires": {
        "is-core-module": "^2.2.0",
        "path-parse": "^1.0.6"
      }
    },
    "rollup": {
      "version": "2.57.0",
      "resolved": "https://registry.nlark.com/rollup/download/rollup-2.57.0.tgz?cache=0&sync_timestamp=1632285983577&other_urls=https%3A%2F%2Fregistry.nlark.com%2Frollup%2Fdownload%2Frollup-2.57.0.tgz",
      "integrity": "sha1-wWlEdesi4QIkd8D0Y1/QrIBxMXM=",
      "dev": true,
      "requires": {
        "fsevents": "~2.3.2"
      }
    },
    "sass": {
      "version": "1.42.1",
      "resolved": "https://registry.nlark.com/sass/download/sass-1.42.1.tgz?cache=0&sync_timestamp=1632295841685&other_urls=https%3A%2F%2Fregistry.nlark.com%2Fsass%2Fdownload%2Fsass-1.42.1.tgz",
      "integrity": "sha1-WrF768HLGIGtLgyakyxmrWTkQeI=",
      "dev": true,
      "requires": {
        "chokidar": ">=3.0.0 <4.0.0"
      }
    },
    "source-map": {
      "version": "0.6.1",
      "resolved": "https://registry.npm.taobao.org/source-map/download/source-map-0.6.1.tgz",
      "integrity": "sha1-dHIq8y6WFOnCh6jQu95IteLxomM="
    },
    "source-map-js": {
      "version": "0.6.2",
      "resolved": "https://registry.npm.taobao.org/source-map-js/download/source-map-js-0.6.2.tgz",
      "integrity": "sha1-C7XeYxtBz72mz7qL0FqA79/SOF4="
    },
    "sourcemap-codec": {
      "version": "1.4.8",
      "resolved": "https://registry.npm.taobao.org/sourcemap-codec/download/sourcemap-codec-1.4.8.tgz",
      "integrity": "sha1-6oBL2UhXQC5pktBaOO8a41qatMQ="
    },
    "to-regex-range": {
      "version": "5.0.1",
      "resolved": "https://registry.npm.taobao.org/to-regex-range/download/to-regex-range-5.0.1.tgz",
      "integrity": "sha1-FkjESq58jZiKMmAY7XL1tN0DkuQ=",
      "dev": true,
      "requires": {
        "is-number": "^7.0.0"
      }
    },
    "vite": {
      "version": "2.5.10",
      "resolved": "https://registry.npmmirror.com/vite/download/vite-2.5.10.tgz",
      "integrity": "sha1-xZjjtafhlW/8Uus7NCDRd/wu0qU=",
      "dev": true,
      "requires": {
        "esbuild": "^0.12.17",
        "fsevents": "~2.3.2",
        "postcss": "^8.3.6",
        "resolve": "^1.20.0",
        "rollup": "^2.38.5"
      }
    },
    "vue": {
      "version": "3.2.18",
      "resolved": "https://registry.npmmirror.com/vue/download/vue-3.2.18.tgz",
      "integrity": "sha1-d5HLrLfkGTz4ZuqsE8phuRLOjrY=",
      "requires": {
        "@vue/compiler-dom": "3.2.18",
        "@vue/compiler-sfc": "3.2.18",
        "@vue/runtime-dom": "3.2.18",
        "@vue/server-renderer": "3.2.18",
        "@vue/shared": "3.2.18"
      }
    },
    "vue-demi": {
      "version": "0.11.4",
      "resolved": "https://registry.nlark.com/vue-demi/download/vue-demi-0.11.4.tgz",
      "integrity": "sha1-YQGZL+RyTPVjQBihbpU/MFLpTio="
    },
    "vue-router": {
      "version": "4.0.12",
      "resolved": "https://registry.npmmirror.com/vue-router/download/vue-router-4.0.12.tgz?cache=0&sync_timestamp=1634228935856&other_urls=https%3A%2F%2Fregistry.npmmirror.com%2Fvue-router%2Fdownload%2Fvue-router-4.0.12.tgz",
      "integrity": "sha1-jceSzd9bsavMOQj5BkE23n4TxGA=",
      "requires": {
        "@vue/devtools-api": "^6.0.0-beta.18"
      }
    }
  }
}
